PODS:
  - AFNetworking (3.2.1):
    - AFNetworking/NSURLSession (= 3.2.1)
    - AFNetworking/Reachability (= 3.2.1)
    - AFNetworking/Security (= 3.2.1)
    - AFNetworking/Serialization (= 3.2.1)
    - AFNetworking/UIKit (= 3.2.1)
  - AFNetworking/NSURLSession (3.2.1):
    - AFNetworking/Reachability
    - AFNetworking/Security
    - AFNetworking/Serialization
  - AFNetworking/Reachability (3.2.1)
  - AFNetworking/Security (3.2.1)
  - AFNetworking/Serialization (3.2.1)
  - AFNetworking/UIKit (3.2.1):
    - AFNetworking/NSURLSession
  - JCore (1.2.5)
  - JPush (3.1.1.1):
    - JCore (~> 1.2.5)
  - JSONModel (1.8.0)

DEPENDENCIES:
  - AFNetworking (~> 3.2.1)
  - JPush (~> 3.1.1.1)
  - JSONModel (~> 1.8.0)

SPEC REPOS:
  https://github.com/cocoapods/specs.git:
    - AFNetworking
    - JCore
    - JPush
    - JSONModel

SPEC CHECKSUMS:
  AFNetworking: b6f891fdfaed196b46c7a83cf209e09697b94057
  JCore: 14706de2640b25fb77dbd02332696491407f37c9
  JPush: 25dd9013fbe106082c14f9f30a82364ee98852fb
  JSONModel: 02ab723958366a3fd27da57ea2af2113658762e9

PODFILE CHECKSUM: 9f67da56bc7055e39eb84153554b4b7ee0fa8cfb

COCOAPODS: 1.5.3
